
Microsoft Visual Studio Solution File, Format Version 12.00
Project("{FAE04EC0-301F-11D3-BF4B-00C04F79EFBC}") = "BookStore", "BookStore\BookStore.csproj", "{EF3B3EAD-60C8-4338-A7A6-31E955D653C7}"
EndProject
Global
	GlobalSection(SolutionConfigurationPlatforms) = preSolution
		Debug|Any CPU = Debug|Any CPU
		Release|Any CPU = Release|Any CPU
	EndGlobalSection
	GlobalSection(ProjectConfigurationPlatforms) = postSolution
		{EF3B3EAD-60C8-4338-A7A6-31E955D653C7}.Debug|Any CPU.ActiveCfg = Debug|Any CPU
		{EF3B3EAD-60C8-4338-A7A6-31E955D653C7}.Debug|Any CPU.Build.0 = Debug|Any CPU
		{EF3B3EAD-60C8-4338-A7A6-31E955D653C7}.Release|Any CPU.ActiveCfg = Release|Any CPU
		{EF3B3EAD-60C8-4338-A7A6-31E955D653C7}.Release|Any CPU.Build.0 = Release|Any CPU
	EndGlobalSection
EndGlobal
